id: servicenow_knowledge_base_article_block
label: 'ServiceNow knowledge base article blocks'
source:
  plugin: url
  data_fetcher_plugin: http
  data_parser_plugin: json
  headers:
    Accept: 'application/json; charset=utf-8'
    Content-Type: application/json
  authentication:
    plugin: servicenow_auth
  track_changes: true
  urls: https://yaledevelopment.service-now.com/api/now/table/kb_knowledge?sysparm_query=workflow_state%3Dpublished%5Ekb_category.label!%3DNews%5Ecan_read_user_criteriaLIKEfd81a4dadbb6030043565bc0cf961905%5Eu_kb_ai_ready%3Dtrue&sysparm_display_value=true&sysparm_fields=sys_name%2Ctext%2Ctopic%2Cu_service_offering%2Cnumber%2Csys_created_on%2Ccan_read_user_criteria%2Cpublished%2Ckb_knowledge_base%2Cdescription%2Cvalid_to%2Csys_view_count%2Cshort_description%2Ckb_category
  item_selector: result
  fields:
    - name: servicenow_number
      label: 'ServiceNow number'
      selector: number
    - name: servicenow_title
      label: 'ServiceNow title'
      selector: short_description
    - name: servicenow_text
      label: 'ServiceNow text'
      selector: text
  ids:
    servicenow_number:
      type: string
process:
  field_text/value: servicenow_text
  field_text/format:
    plugin: default_value
    default_value: basic_html
  info: servicenow_title
  reusable:
    plugin: default_value
    default_value: 0
destination:
  plugin: 'entity:block_content'
  default_bundle: text
  overwrite_properties:
    - field_text
    - info
dependencies:
  enforced:
    module:
      - migrate_plus
      - migrate_tools
      - layout_builder
